
Microsoft Visual Studio Solution File, Format Version 12.00
# Visual Studio Version 16
VisualStudioVersion = 16.0.30717.126
MinimumVisualStudioVersion = 10.0.40219.1
Project("{FAE04EC0-301F-11D3-BF4B-00C04F79EFBC}") = "ExampleProject", "ExampleProject\ExampleProject.csproj", "{8CCA79BC-6F17-4D57-B076-19719509D54B}"
EndProject
Project("{FAE04EC0-301F-11D3-BF4B-00C04F79EFBC}") = "TestProject", "TestProject\TestProject.csproj", "{5C418980-388D-42D0-867F-951BDB68682E}"
EndProject
Global
	GlobalSection(SolutionConfigurationPlatforms) = preSolution
		Debug|Any CPU = Debug|Any CPU
		Release|Any CPU = Release|Any CPU
	EndGlobalSection
	GlobalSection(ProjectConfigurationPlatforms) = postSolution
		{8CCA79BC-6F17-4D57-B076-19719509D54B}.Debug|Any CPU.ActiveCfg = Debug|Any CPU
		{8CCA79BC-6F17-4D57-B076-19719509D54B}.Debug|Any CPU.Build.0 = Debug|Any CPU
		{8CCA79BC-6F17-4D57-B076-19719509D54B}.Release|Any CPU.ActiveCfg = Release|Any CPU
		{8CCA79BC-6F17-4D57-B076-19719509D54B}.Release|Any CPU.Build.0 = Release|Any CPU
		{5C418980-388D-42D0-867F-951BDB68682E}.Debug|Any CPU.ActiveCfg = Debug|Any CPU
		{5C418980-388D-42D0-867F-951BDB68682E}.Debug|Any CPU.Build.0 = Debug|Any CPU
		{5C418980-388D-42D0-867F-951BDB68682E}.Release|Any CPU.ActiveCfg = Release|Any CPU
		{5C418980-388D-42D0-867F-951BDB68682E}.Release|Any CPU.Build.0 = Release|Any CPU
	EndGlobalSection
	GlobalSection(SolutionProperties) = preSolution
		HideSolutionNode = FALSE
	EndGlobalSection
	GlobalSection(ExtensibilityGlobals) = postSolution
		SolutionGuid = {B61BF03D-FE20-4B42-B3D7-FA2562923742}
	EndGlobalSection
EndGlobal
